
Microsoft Visual Studio Solution File, Format Version 12.00
# Visual Studio Version 17
VisualStudioVersion = 17.9.34607.119
MinimumVisualStudioVersion = 10.0.40219.1
Project("{9A19103F-16F7-4668-BE54-9A1E7A4F7556}") = "CrudWtithRenderModes", "CrudWtithRenderModes\CrudWtithRenderModes\CrudWtithRenderModes.csproj", "{42541DC8-7570-4DEB-9A21-D7AE3F6BC173}"
	ProjectSection(ProjectDependencies) = postProject
		{EA9A87F0-3CFC-49BD-B0C1-8ABAB21FCBF9} = {EA9A87F0-3CFC-49BD-B0C1-8ABAB21FCBF9}
	EndProjectSection
EndProject
Project("{9A19103F-16F7-4668-BE54-9A1E7A4F7556}") = "CrudWtithRenderModes.Client", "CrudWtithRenderModes\CrudWtithRenderModes.Client\CrudWtithRenderModes.Client.csproj", "{DA2D2ABD-B0EB-4BDC-9F1E-2CD574FC6BC6}"
	ProjectSection(ProjectDependencies) = postProject
		{EA9A87F0-3CFC-49BD-B0C1-8ABAB21FCBF9} = {EA9A87F0-3CFC-49BD-B0C1-8ABAB21FCBF9}
	EndProjectSection
EndProject
Project("{9A19103F-16F7-4668-BE54-9A1E7A4F7556}") = "CrudWithRenderModes.Shared", "CrudWithRenderModes.Shared\CrudWithRenderModes.Shared.csproj", "{EA9A87F0-3CFC-49BD-B0C1-8ABAB21FCBF9}"
EndProject
Global
	GlobalSection(SolutionConfigurationPlatforms) = preSolution
		Debug|Any CPU = Debug|Any CPU
		Release|Any CPU = Release|Any CPU
	EndGlobalSection
	GlobalSection(ProjectConfigurationPlatforms) = postSolution
		{42541DC8-7570-4DEB-9A21-D7AE3F6BC173}.Debug|Any CPU.ActiveCfg = Debug|Any CPU
		{42541DC8-7570-4DEB-9A21-D7AE3F6BC173}.Debug|Any CPU.Build.0 = Debug|Any CPU
		{42541DC8-7570-4DEB-9A21-D7AE3F6BC173}.Release|Any CPU.ActiveCfg = Release|Any CPU
		{42541DC8-7570-4DEB-9A21-D7AE3F6BC173}.Release|Any CPU.Build.0 = Release|Any CPU
		{DA2D2ABD-B0EB-4BDC-9F1E-2CD574FC6BC6}.Debug|Any CPU.ActiveCfg = Debug|Any CPU
		{DA2D2ABD-B0EB-4BDC-9F1E-2CD574FC6BC6}.Debug|Any CPU.Build.0 = Debug|Any CPU
		{DA2D2ABD-B0EB-4BDC-9F1E-2CD574FC6BC6}.Release|Any CPU.ActiveCfg = Release|Any CPU
		{DA2D2ABD-B0EB-4BDC-9F1E-2CD574FC6BC6}.Release|Any CPU.Build.0 = Release|Any CPU
		{EA9A87F0-3CFC-49BD-B0C1-8ABAB21FCBF9}.Debug|Any CPU.ActiveCfg = Debug|Any CPU
		{EA9A87F0-3CFC-49BD-B0C1-8ABAB21FCBF9}.Debug|Any CPU.Build.0 = Debug|Any CPU
		{EA9A87F0-3CFC-49BD-B0C1-8ABAB21FCBF9}.Release|Any CPU.ActiveCfg = Release|Any CPU
		{EA9A87F0-3CFC-49BD-B0C1-8ABAB21FCBF9}.Release|Any CPU.Build.0 = Release|Any CPU
	EndGlobalSection
	GlobalSection(SolutionProperties) = preSolution
		HideSolutionNode = FALSE
	EndGlobalSection
	GlobalSection(ExtensibilityGlobals) = postSolution
		SolutionGuid = {4E82697B-D1A6-41A3-98FB-BE579F686CFB}
	EndGlobalSection
EndGlobal
